// !$*UTF8*$!
{
	archiveVersion = 1;
	classes = {
	};
	objectVersion = 46;
	objects = {

/* Begin PBXBuildFile section */
		634BF8D723AF233C00A31B98 /* UIColor.swift in Sources */ = {isa = PBXBuildFile; fileRef = 634BF8D623AF233C00A31B98 /* UIColor.swift */; };
		638D101A23869809005C4310 /* TaskViewController.swift in Sources */ = {isa = PBXBuildFile; fileRef = 638D101823869809005C4310 /* TaskViewController.swift */; };
		6394D2C723A04E57004FD487 /* Calendar.xcdatamodeld in Sources */ = {isa = PBXBuildFile; fileRef = 6394D2C523A04E57004FD487 /* Calendar.xcdatamodeld */; };
		6394D2CC23A04FF1004FD487 /* CoreDataStack.swift in Sources */ = {isa = PBXBuildFile; fileRef = 6394D2CB23A04FF1004FD487 /* CoreDataStack.swift */; };
		6394D2CE23A05789004FD487 /* Todo.swift in Sources */ = {isa = PBXBuildFile; fileRef = 6394D2CD23A05789004FD487 /* Todo.swift */; };
		6394D2D223A12E0B004FD487 /* TaskViewController.xib in Resources */ = {isa = PBXBuildFile; fileRef = 6394D2D123A12E0B004FD487 /* TaskViewController.xib */; };
		639DD31223A30F2F00D15E6E /* UITextView.swift in Sources */ = {isa = PBXBuildFile; fileRef = 639DD31123A30F2F00D15E6E /* UITextView.swift */; };
		639DD31523A32F9200D15E6E /* LocalAuthentication.framework in Frameworks */ = {isa = PBXBuildFile; fileRef = 639DD31423A32F9200D15E6E /* LocalAuthentication.framework */; };
		63B5929223AE842900D5E82A /* TodosViewController.swift in Sources */ = {isa = PBXBuildFile; fileRef = 63B5929123AE842900D5E82A /* TodosViewController.swift */; };
		63B5929423AE84A300D5E82A /* Todos.swift in Sources */ = {isa = PBXBuildFile; fileRef = 63B5929323AE84A300D5E82A /* Todos.swift */; };
		63B5929623AE8F6100D5E82A /* TodosTableViewCell.swift in Sources */ = {isa = PBXBuildFile; fileRef = 63B5929523AE8F6100D5E82A /* TodosTableViewCell.swift */; };
		F295A0E41FBDB9D8006F3CEE /* Date.swift in Sources */ = {isa = PBXBuildFile; fileRef = F295A0E31FBDB9D8006F3CEE /* Date.swift */; };
		F2E0C8B41FBCB9080072A0CF /* AppDelegate.swift in Sources */ = {isa = PBXBuildFile; fileRef = F2E0C8B31FBCB9080072A0CF /* AppDelegate.swift */; };
		F2E0C8B91FBCB9080072A0CF /* Main.storyboard in Resources */ = {isa = PBXBuildFile; fileRef = F2E0C8B71FBCB9080072A0CF /* Main.storyboard */; };
		F2E0C8BB1FBCB9080072A0CF /* Assets.xcassets in Resources */ = {isa = PBXBuildFile; fileRef = F2E0C8BA1FBCB9080072A0CF /* Assets.xcassets */; };
		F2E0C8BE1FBCB9080072A0CF /* LaunchScreen.storyboard in Resources */ = {isa = PBXBuildFile; fileRef = F2E0C8BC1FBCB9080072A0CF /* LaunchScreen.storyboard */; };
		F2E0C8C71FBCC65C0072A0CF /* CalendarViewController.swift in Sources */ = {isa = PBXBuildFile; fileRef = F2E0C8C61FBCC65C0072A0CF /* CalendarViewController.swift */; };
		F2E0C8CA1FBCC6CB0072A0CF /* CalendarTableViewCell.swift in Sources */ = {isa = PBXBuildFile; fileRef = F2E0C8C91FBCC6CB0072A0CF /* CalendarTableViewCell.swift */; };
		F2FA89AA1FC2621800712198 /* CalendarCollectionViewCell.swift in Sources */ = {isa = PBXBuildFile; fileRef = F2FA89A91FC2621800712198 /* CalendarCollectionViewCell.swift */; };
/* End PBXBuildFile section */

/* Begin PBXFileReference section */
		634BF8D623AF233C00A31B98 /* UIColor.swift */ = {isa = PBXFileReference; lastKnownFileType = sourcecode.swift; name = UIColor.swift; path = Extensions/UIColor.swift; sourceTree = "<group>"; };
		638D101823869809005C4310 /* TaskViewController.swift */ = {isa = PBXFileReference; lastKnownFileType = sourcecode.swift; name = TaskViewController.swift; path = ViewControllers/TaskViewController.swift; sourceTree = "<group>"; };
		6394D2C623A04E57004FD487 /* Calendar.xcdatamodel */ = {isa = PBXFileReference; lastKnownFileType = wrapper.xcdatamodel; path = Calendar.xcdatamodel; sourceTree = "<group>"; };
		6394D2CB23A04FF1004FD487 /* CoreDataStack.swift */ = {isa = PBXFileReference; lastKnownFileType = sourcecode.swift; path = CoreDataStack.swift; sourceTree = "<group>"; };
		6394D2CD23A05789004FD487 /* Todo.swift */ = {isa = PBXFileReference; lastKnownFileType = sourcecode.swift; path = Todo.swift; sourceTree = "<group>"; };
		6394D2D123A12E0B004FD487 /* TaskViewController.xib */ = {isa = PBXFileReference; lastKnownFileType = file.xib; path = TaskViewController.xib; sourceTree = "<group>"; };
		639DD31123A30F2F00D15E6E /* UITextView.swift */ = {isa = PBXFileReference; lastKnownFileType = sourcecode.swift; path = UITextView.swift; sourceTree = "<group>"; };
		639DD31423A32F9200D15E6E /* LocalAuthentication.framework */ = {isa = PBXFileReference; lastKnownFileType = wrapper.framework; name = LocalAuthentication.framework; path = System/Library/Frameworks/LocalAuthentication.framework; sourceTree = SDKROOT; };
		63B5929123AE842900D5E82A /* TodosViewController.swift */ = {isa = PBXFileReference; lastKnownFileType = sourcecode.swift; name = TodosViewController.swift; path = ViewControllers/TodosViewController.swift; sourceTree = "<group>"; };
		63B5929323AE84A300D5E82A /* Todos.swift */ = {isa = PBXFileReference; lastKnownFileType = sourcecode.swift; path = Todos.swift; sourceTree = "<group>"; };
		63B5929523AE8F6100D5E82A /* TodosTableViewCell.swift */ = {isa = PBXFileReference; lastKnownFileType = sourcecode.swift; name = TodosTableViewCell.swift; path = Views/TodosTableViewCell.swift; sourceTree = "<group>"; };
		F295A0E31FBDB9D8006F3CEE /* Date.swift */ = {isa = PBXFileReference; fileEncoding = 4; lastKnownFileType = sourcecode.swift; name = Date.swift; path = Extensions/Date.swift; sourceTree = "<group>"; };
		F2E0C8B01FBCB9080072A0CF /* Calendar.app */ = {isa = PBXFileReference; explicitFileType = wrapper.application; includeInIndex = 0; path = Calendar.app; sourceTree = BUILT_PRODUCTS_DIR; };
		F2E0C8B31FBCB9080072A0CF /* AppDelegate.swift */ = {isa = PBXFileReference; lastKnownFileType = sourcecode.swift; path = AppDelegate.swift; sourceTree = "<group>"; };
		F2E0C8B81FBCB9080072A0CF /* Base */ = {isa = PBXFileReference; lastKnownFileType = file.storyboard; name = Base; path = Base.lproj/Main.storyboard; sourceTree = "<group>"; };
		F2E0C8BA1FBCB9080072A0CF /* Assets.xcassets */ = {isa = PBXFileReference; lastKnownFileType = folder.assetcatalog; path = Assets.xcassets; sourceTree = "<group>"; };
		F2E0C8BD1FBCB9080072A0CF /* Base */ = {isa = PBXFileReference; lastKnownFileType = file.storyboard; name = Base; path = Base.lproj/LaunchScreen.storyboard; sourceTree = "<group>"; };
		F2E0C8BF1FBCB9080072A0CF /* Info.plist */ = {isa = PBXFileReference; lastKnownFileType = text.plist.xml; path = Info.plist; sourceTree = "<group>"; };
		F2E0C8C61FBCC65C0072A0CF /* CalendarViewController.swift */ = {isa = PBXFileReference; fileEncoding = 4; lastKnownFileType = sourcecode.swift; name = CalendarViewController.swift; path = ViewControllers/CalendarViewController.swift; sourceTree = "<group>"; };
		F2E0C8C91FBCC6CB0072A0CF /* CalendarTableViewCell.swift */ = {isa = PBXFileReference; fileEncoding = 4; lastKnownFileType = sourcecode.swift; name = CalendarTableViewCell.swift; path = Views/CalendarTableViewCell.swift; sourceTree = "<group>"; };
		F2FA89A91FC2621800712198 /* CalendarCollectionViewCell.swift */ = {isa = PBXFileReference; fileEncoding = 4; lastKnownFileType = sourcecode.swift; name = CalendarCollectionViewCell.swift; path = Views/CalendarCollectionViewCell.swift; sourceTree = "<group>"; };
/* End PBXFileReference section */

/* Begin PBXFrameworksBuildPhase section */
		F2E0C8AD1FBCB9080072A0CF /* Frameworks */ = {
			isa = PBXFrameworksBuildPhase;
			buildActionMask = 2147483647;
			files = (
				639DD31523A32F9200D15E6E /* LocalAuthentication.framework in Frameworks */,
			);
			runOnlyForDeploymentPostprocessing = 0;
		};
/* End PBXFrameworksBuildPhase section */

/* Begin PBXGroup section */
		6394D2CA23A04FA9004FD487 /* Model */ = {
			isa = PBXGroup;
			children = (
				6394D2CB23A04FF1004FD487 /* CoreDataStack.swift */,
				6394D2CD23A05789004FD487 /* Todo.swift */,
				63B5929323AE84A300D5E82A /* Todos.swift */,
			);
			path = Model;
			sourceTree = "<group>";
		};
		639DD30F23A2EC5D00D15E6E /* Resources */ = {
			isa = PBXGroup;
			children = (
				F2E0C8B71FBCB9080072A0CF /* Main.storyboard */,
				F2E0C8BA1FBCB9080072A0CF /* Assets.xcassets */,
				F2E0C8BC1FBCB9080072A0CF /* LaunchScreen.storyboard */,
				6394D2C523A04E57004FD487 /* Calendar.xcdatamodeld */,
			);
			path = Resources;
			sourceTree = "<group>";
		};
		639DD31323A32F9200D15E6E /* Frameworks */ = {
			isa = PBXGroup;
			children = (
				639DD31423A32F9200D15E6E /* LocalAuthentication.framework */,
			);
			name = Frameworks;
			sourceTree = "<group>";
		};
		F295A0E21FBDB9BA006F3CEE /* Extensions */ = {
			isa = PBXGroup;
			children = (
				F295A0E31FBDB9D8006F3CEE /* Date.swift */,
				639DD31123A30F2F00D15E6E /* UITextView.swift */,
				634BF8D623AF233C00A31B98 /* UIColor.swift */,
			);
			name = Extensions;
			sourceTree = "<group>";
		};
		F2E0C8A71FBCB9080072A0CF = {
			isa = PBXGroup;
			children = (
				F2E0C8B21FBCB9080072A0CF /* Calendar */,
				F2E0C8B11FBCB9080072A0CF /* Products */,
				639DD31323A32F9200D15E6E /* Frameworks */,
			);
			sourceTree = "<group>";
		};
		F2E0C8B11FBCB9080072A0CF /* Products */ = {
			isa = PBXGroup;
			children = (
				F2E0C8B01FBCB9080072A0CF /* Calendar.app */,
			);
			name = Products;
			sourceTree = "<group>";
		};
		F2E0C8B21FBCB9080072A0CF /* Calendar */ = {
			isa = PBXGroup;
			children = (
				639DD30F23A2EC5D00D15E6E /* Resources */,
				6394D2CA23A04FA9004FD487 /* Model */,
				F295A0E21FBDB9BA006F3CEE /* Extensions */,
				F2E0C8C81FBCC6880072A0CF /* Views */,
				F2E0C8C51FBCC64C0072A0CF /* ViewControllers */,
				F2E0C8B31FBCB9080072A0CF /* AppDelegate.swift */,
				F2E0C8BF1FBCB9080072A0CF /* Info.plist */,
			);
			path = Calendar;
			sourceTree = "<group>";
		};
		F2E0C8C51FBCC64C0072A0CF /* ViewControllers */ = {
			isa = PBXGroup;
			children = (
				F2E0C8C61FBCC65C0072A0CF /* CalendarViewController.swift */,
				638D101823869809005C4310 /* TaskViewController.swift */,
				6394D2D123A12E0B004FD487 /* TaskViewController.xib */,
				63B5929123AE842900D5E82A /* TodosViewController.swift */,
			);
			name = ViewControllers;
			sourceTree = "<group>";
		};
		F2E0C8C81FBCC6880072A0CF /* Views */ = {
			isa = PBXGroup;
			children = (
				F2FA89A91FC2621800712198 /* CalendarCollectionViewCell.swift */,
				F2E0C8C91FBCC6CB0072A0CF /* CalendarTableViewCell.swift */,
				63B5929523AE8F6100D5E82A /* TodosTableViewCell.swift */,
			);
			name = Views;
			sourceTree = "<group>";
		};
/* End PBXGroup section */

/* Begin PBXNativeTarget section */
		F2E0C8AF1FBCB9080072A0CF /* Calendar */ = {
			isa = PBXNativeTarget;
			buildConfigurationList = F2E0C8C21FBCB9080072A0CF /* Build configuration list for PBXNativeTarget "Calendar" */;
			buildPhases = (
				F2E0C8AC1FBCB9080072A0CF /* Sources */,
				F2E0C8AD1FBCB9080072A0CF /* Frameworks */,
				F2E0C8AE1FBCB9080072A0CF /* Resources */,
			);
			buildRules = (
			);
			dependencies = (
			);
			name = Calendar;
			productName = Calendar;
			productReference = F2E0C8B01FBCB9080072A0CF /* Calendar.app */;
			productType = "com.apple.product-type.application";
		};
/* End PBXNativeTarget section */

/* Begin PBXProject section */
		F2E0C8A81FBCB9080072A0CF /* Project object */ = {
			isa = PBXProject;
			attributes = {
				LastSwiftUpdateCheck = 0830;
				LastUpgradeCheck = 1020;
				ORGANIZATIONNAME = "Kautsya Kanu";
				TargetAttributes = {
					F2E0C8AF1FBCB9080072A0CF = {
						CreatedOnToolsVersion = 8.3.3;
						DevelopmentTeam = A8UX99CMMW;
						ProvisioningStyle = Automatic;
					};
				};
			};
			buildConfigurationList = F2E0C8AB1FBCB9080072A0CF /* Build configuration list for PBXProject "Calendar" */;
			compatibilityVersion = "Xcode 3.2";
			developmentRegion = en;
			hasScannedForEncodings = 0;
			knownRegions = (
				en,
				Base,
			);
			mainGroup = F2E0C8A71FBCB9080072A0CF;
			productRefGroup = F2E0C8B11FBCB9080072A0CF /* Products */;
			projectDirPath = "";
			projectRoot = "";
			targets = (
				F2E0C8AF1FBCB9080072A0CF /* Calendar */,
			);
		};
/* End PBXProject section */

/* Begin PBXResourcesBuildPhase section */
		F2E0C8AE1FBCB9080072A0CF /* Resources */ = {
			isa = PBXResourcesBuildPhase;
			buildActionMask = 2147483647;
			files = (
				F2E0C8BE1FBCB9080072A0CF /* LaunchScreen.storyboard in Resources */,
				6394D2D223A12E0B004FD487 /* TaskViewController.xib in Resources */,
				F2E0C8BB1FBCB9080072A0CF /* Assets.xcassets in Resources */,
				F2E0C8B91FBCB9080072A0CF /* Main.storyboard in Resources */,
			);
			runOnlyForDeploymentPostprocessing = 0;
		};
/* End PBXResourcesBuildPhase section */

/* Begin PBXSourcesBuildPhase section */
		F2E0C8AC1FBCB9080072A0CF /* Sources */ = {
			isa = PBXSourcesBuildPhase;
			buildActionMask = 2147483647;
			files = (
				63B5929223AE842900D5E82A /* TodosViewController.swift in Sources */,
				634BF8D723AF233C00A31B98 /* UIColor.swift in Sources */,
				639DD31223A30F2F00D15E6E /* UITextView.swift in Sources */,
				F2FA89AA1FC2621800712198 /* CalendarCollectionViewCell.swift in Sources */,
				F295A0E41FBDB9D8006F3CEE /* Date.swift in Sources */,
				6394D2C723A04E57004FD487 /* Calendar.xcdatamodeld in Sources */,
				F2E0C8CA1FBCC6CB0072A0CF /* CalendarTableViewCell.swift in Sources */,
				6394D2CE23A05789004FD487 /* Todo.swift in Sources */,
				63B5929623AE8F6100D5E82A /* TodosTableViewCell.swift in Sources */,
				F2E0C8C71FBCC65C0072A0CF /* CalendarViewController.swift in Sources */,
				F2E0C8B41FBCB9080072A0CF /* AppDelegate.swift in Sources */,
				638D101A23869809005C4310 /* TaskViewController.swift in Sources */,
				6394D2CC23A04FF1004FD487 /* CoreDataStack.swift in Sources */,
				63B5929423AE84A300D5E82A /* Todos.swift in Sources */,
			);
			runOnlyForDeploymentPostprocessing = 0;
		};
/* End PBXSourcesBuildPhase section */

/* Begin PBXVariantGroup section */
		F2E0C8B71FBCB9080072A0CF /* Main.storyboard */ = {
			isa = PBXVariantGroup;
			children = (
				F2E0C8B81FBCB9080072A0CF /* Base */,
			);
			name = Main.storyboard;
			sourceTree = "<group>";
		};
		F2E0C8BC1FBCB9080072A0CF /* LaunchScreen.storyboard */ = {
			isa = PBXVariantGroup;
			children = (
				F2E0C8BD1FBCB9080072A0CF /* Base */,
			);
			name = LaunchScreen.storyboard;
			sourceTree = "<group>";
		};
/* End PBXVariantGroup section */

/* Begin XCBuildConfiguration section */
		F2E0C8C01FBCB9080072A0CF /* Debug */ = {
			isa = XCBuildConfiguration;
			buildSettings = {
				ALWAYS_SEARCH_USER_PATHS = NO;
				CLANG_ANALYZER_LOCALIZABILITY_NONLOCALIZED = YES;
				CLANG_ANALYZER_NONNULL = YES;
				CLANG_ANALYZER_NUMBER_OBJECT_CONVERSION = YES_AGGRESSIVE;
				CLANG_CXX_LANGUAGE_STANDARD = "gnu++0x";
				CLANG_CXX_LIBRARY = "libc++";
				CLANG_ENABLE_MODULES = YES;
				CLANG_ENABLE_OBJC_ARC = YES;
				CLANG_WARN_BLOCK_CAPTURE_AUTORELEASING = YES;
				CLANG_WARN_BOOL_CONVERSION = YES;
				CLANG_WARN_COMMA = YES;
				CLANG_WARN_CONSTANT_CONVERSION = YES;
				CLANG_WARN_DEPRECATED_OBJC_IMPLEMENTATIONS = YES;
				CLANG_WARN_DIRECT_OBJC_ISA_USAGE = YES_ERROR;
				CLANG_WARN_DOCUMENTATION_COMMENTS = YES;
				CLANG_WARN_EMPTY_BODY = YES;
				CLANG_WARN_ENUM_CONVERSION = YES;
				CLANG_WARN_INFINITE_RECURSION = YES;
				CLANG_WARN_INT_CONVERSION = YES;
				CLANG_WARN_NON_LITERAL_NULL_CONVERSION = YES;
				CLANG_WARN_OBJC_IMPLICIT_RETAIN_SELF = YES;
				CLANG_WARN_OBJC_LITERAL_CONVERSION = YES;
				CLANG_WARN_OBJC_ROOT_CLASS = YES_ERROR;
				CLANG_WARN_RANGE_LOOP_ANALYSIS = YES;
				CLANG_WARN_STRICT_PROTOTYPES = YES;
				CLANG_WARN_SUSPICIOUS_MOVE = YES;
				CLANG_WARN_UNREACHABLE_CODE = YES;
				CLANG_WARN__DUPLICATE_METHOD_MATCH = YES;
				"CODE_SIGN_IDENTITY[sdk=iphoneos*]" = "iPhone Developer";
				COPY_PHASE_STRIP = NO;
				DEBUG_INFORMATION_FORMAT = dwarf;
				ENABLE_STRICT_OBJC_MSGSEND = YES;
				ENABLE_TESTABILITY = YES;
				GCC_C_LANGUAGE_STANDARD = gnu99;
				GCC_DYNAMIC_NO_PIC = NO;
				GCC_NO_COMMON_BLOCKS = YES;
				GCC_OPTIMIZATION_LEVEL = 0;
				GCC_PREPROCESSOR_DEFINITIONS = (
					"DEBUG=1",
					"$(inherited)",
				);
				GCC_WARN_64_TO_32_BIT_CONVERSION = YES;
				GCC_WARN_ABOUT_RETURN_TYPE = YES_ERROR;
				GCC_WARN_UNDECLARED_SELECTOR = YES;
				GCC_WARN_UNINITIALIZED_AUTOS = YES_AGGRESSIVE;
				GCC_WARN_UNUSED_FUNCTION = YES;
				GCC_WARN_UNUSED_VARIABLE = YES;
				IPHONEOS_DEPLOYMENT_TARGET = 10.3;
				MTL_ENABLE_DEBUG_INFO = YES;
				ONLY_ACTIVE_ARCH = YES;
				SDKROOT = iphoneos;
				SWIFT_ACTIVE_COMPILATION_CONDITIONS = DEBUG;
				SWIFT_OPTIMIZATION_LEVEL = "-Onone";
			};
			name = Debug;
		};
		F2E0C8C11FBCB9080072A0CF /* Release */ = {
			isa = XCBuildConfiguration;
			buildSettings = {
				ALWAYS_SEARCH_USER_PATHS = NO;
				CLANG_ANALYZER_LOCALIZABILITY_NONLOCALIZED = YES;
				CLANG_ANALYZER_NONNULL = YES;
				CLANG_ANALYZER_NUMBER_OBJECT_CONVERSION = YES_AGGRESSIVE;
				CLANG_CXX_LANGUAGE_STANDARD = "gnu++0x";
				CLANG_CXX_LIBRARY = "libc++";
				CLANG_ENABLE_MODULES = YES;
				CLANG_ENABLE_OBJC_ARC = YES;
				CLANG_WARN_BLOCK_CAPTURE_AUTORELEASING = YES;
				CLANG_WARN_BOOL_CONVERSION = YES;
				CLANG_WARN_COMMA = YES;
				CLANG_WARN_CONSTANT_CONVERSION = YES;
				CLANG_WARN_DEPRECATED_OBJC_IMPLEMENTATIONS = YES;
				CLANG_WARN_DIRECT_OBJC_ISA_USAGE = YES_ERROR;
				CLANG_WARN_DOCUMENTATION_COMMENTS = YES;
				CLANG_WARN_EMPTY_BODY = YES;
				CLANG_WARN_ENUM_CONVERSION = YES;
				CLANG_WARN_INFINITE_RECURSION = YES;
				CLANG_WARN_INT_CONVERSION = YES;
				CLANG_WARN_NON_LITERAL_NULL_CONVERSION = YES;
				CLANG_WARN_OBJC_IMPLICIT_RETAIN_SELF = YES;
				CLANG_WARN_OBJC_LITERAL_CONVERSION = YES;
				CLANG_WARN_OBJC_ROOT_CLASS = YES_ERROR;
				CLANG_WARN_RANGE_LOOP_ANALYSIS = YES;
				CLANG_WARN_STRICT_PROTOTYPES = YES;
				CLANG_WARN_SUSPICIOUS_MOVE = YES;
				CLANG_WARN_UNREACHABLE_CODE = YES;
				CLANG_WARN__DUPLICATE_METHOD_MATCH = YES;
				"CODE_SIGN_IDENTITY[sdk=iphoneos*]" = "iPhone Developer";
				COPY_PHASE_STRIP = NO;
				DEBUG_INFORMATION_FORMAT = "dwarf-with-dsym";
				ENABLE_NS_ASSERTIONS = NO;
				ENABLE_STRICT_OBJC_MSGSEND = YES;
				GCC_C_LANGUAGE_STANDARD = gnu99;
				GCC_NO_COMMON_BLOCKS = YES;
				GCC_WARN_64_TO_32_BIT_CONVERSION = YES;
				GCC_WARN_ABOUT_RETURN_TYPE = YES_ERROR;
				GCC_WARN_UNDECLARED_SELECTOR = YES;
				GCC_WARN_UNINITIALIZED_AUTOS = YES_AGGRESSIVE;
				GCC_WARN_UNUSED_FUNCTION = YES;
				GCC_WARN_UNUSED_VARIABLE = YES;
				IPHONEOS_DEPLOYMENT_TARGET = 10.3;
				MTL_ENABLE_DEBUG_INFO = NO;
				SDKROOT = iphoneos;
				SWIFT_OPTIMIZATION_LEVEL = "-Owholemodule";
				VALIDATE_PRODUCT = YES;
			};
			name = Release;
		};
		F2E0C8C31FBCB9080072A0CF /* Debug */ = {
			isa = XCBuildConfiguration;
			buildSettings = {
				ASSETCATALOG_COMPILER_APPICON_NAME = AppIcon;
				DEVELOPMENT_TEAM = A8UX99CMMW;
				INFOPLIST_FILE = Calendar/Info.plist;
				LD_RUNPATH_SEARCH_PATHS = "$(inherited) @executable_path/Frameworks";
				PRODUCT_BUNDLE_IDENTIFIER = com.kautsya.KanuCalendar;
				PRODUCT_NAME = "$(TARGET_NAME)";
				SWIFT_VERSION = 5.0;
			};
			name = Debug;
		};
		F2E0C8C41FBCB9080072A0CF /* Release */ = {
			isa = XCBuildConfiguration;
			buildSettings = {
				ASSETCATALOG_COMPILER_APPICON_NAME = AppIcon;
				DEVELOPMENT_TEAM = A8UX99CMMW;
				INFOPLIST_FILE = Calendar/Info.plist;
				LD_RUNPATH_SEARCH_PATHS = "$(inherited) @executable_path/Frameworks";
				PRODUCT_BUNDLE_IDENTIFIER = com.kautsya.KanuCalendar;
				PRODUCT_NAME = "$(TARGET_NAME)";
				SWIFT_VERSION = 5.0;
			};
			name = Release;
		};
/* End XCBuildConfiguration section */

/* Begin XCConfigurationList section */
		F2E0C8AB1FBCB9080072A0CF /* Build configuration list for PBXProject "Calendar" */ = {
			isa = XCConfigurationList;
			buildConfigurations = (
				F2E0C8C01FBCB9080072A0CF /* Debug */,
				F2E0C8C11FBCB9080072A0CF /* Release */,
			);
			defaultConfigurationIsVisible = 0;
			defaultConfigurationName = Release;
		};
		F2E0C8C21FBCB9080072A0CF /* Build configuration list for PBXNativeTarget "Calendar" */ = {
			isa = XCConfigurationList;
			buildConfigurations = (
				F2E0C8C31FBCB9080072A0CF /* Debug */,
				F2E0C8C41FBCB9080072A0CF /* Release */,
			);
			defaultConfigurationIsVisible = 0;
			defaultConfigurationName = Release;
		};
/* End XCConfigurationList section */

/* Begin XCVersionGroup section */
		6394D2C523A04E57004FD487 /* Calendar.xcdatamodeld */ = {
			isa = XCVersionGroup;
			children = (
				6394D2C623A04E57004FD487 /* Calendar.xcdatamodel */,
			);
			currentVersion = 6394D2C623A04E57004FD487 /* Calendar.xcdatamodel */;
			path = Calendar.xcdatamodeld;
			sourceTree = "<group>";
			versionGroupType = wrapper.xcdatamodel;
		};
/* End XCVersionGroup section */
	};
	rootObject = F2E0C8A81FBCB9080072A0CF /* Project object */;
}
